<?xml version="1.0" encoding="utf-8"?>
<Project ToolsVersion="4.0" xmlns="http://schemas.microsoft.com/developer/msbuild/2003">
  <ItemGroup>
    <Filter Include="Source Files">
      <UniqueIdentifier>{4FC737F1-C7A5-4376-A066-2A32D752A2FF}</UniqueIdentifier>
      <Extensions>cpp;c;cc;cxx;c++;cppm;ixx;def;odl;idl;hpj;bat;asm;asmx</Extensions>
    </Filter>
    <Filter Include="Header Files">
      <UniqueIdentifier>{93995380-89BD-4b04-88EB-625FBE52EBFB}</UniqueIdentifier>
      <Extensions>h;hh;hpp;hxx;h++;hm;inl;inc;ipp;xsd</Extensions>
    </Filter>
    <Filter Include="Resource Files">
      <UniqueIdentifier>{67DA6AB6-F800-4c08-8B7A-83BB121AAD01}</UniqueIdentifier>
      <Extensions>rc;ico;cur;bmp;dlg;rc2;rct;bin;rgs;gif;jpg;jpeg;jpe;resx;tiff;tif;png;wav;mfcribbon-ms</Extensions>
    </Filter>
  </ItemGroup>
  <ItemGroup>
    <ClCompile Include="..\src\config.cpp">
      <Filter>Source Files</Filter>
    </ClCompile>
    <ClCompile Include="..\src\directory-chooser.cpp">
      <Filter>Source Files</Filter>
    </ClCompile>
    <ClCompile Include="..\src\edit-context-menu.cpp">
      <Filter>Source Files</Filter>
    </ClCompile>
    <ClCompile Include="..\src\help-window.cpp">
      <Filter>Source Files</Filter>
    </ClCompile>
    <ClCompile Include="..\src\hex-spinner.cpp">
      <Filter>Source Files</Filter>
    </ClCompile>
    <ClCompile Include="..\src\it-module.cpp">
      <Filter>Source Files</Filter>
    </ClCompile>
    <ClCompile Include="..\src\main.cpp">
      <Filter>Source Files</Filter>
    </ClCompile>
    <ClCompile Include="..\src\main-window.cpp">
      <Filter>Source Files</Filter>
    </ClCompile>
    <ClCompile Include="..\src\modal-dialog.cpp">
      <Filter>Source Files</Filter>
    </ClCompile>
    <ClCompile Include="..\src\note-properties.cpp">
      <Filter>Source Files</Filter>
    </ClCompile>
    <ClCompile Include="..\src\option-dialogs.cpp">
      <Filter>Source Files</Filter>
    </ClCompile>
    <ClCompile Include="..\src\parse-drumkits.cpp">
      <Filter>Source Files</Filter>
    </ClCompile>
    <ClCompile Include="..\src\parse-song.cpp">
      <Filter>Source Files</Filter>
    </ClCompile>
    <ClCompile Include="..\src\parse-waves.cpp">
      <Filter>Source Files</Filter>
    </ClCompile>
    <ClCompile Include="..\src\piano-roll.cpp">
      <Filter>Source Files</Filter>
    </ClCompile>
    <ClCompile Include="..\src\preferences.cpp">
      <Filter>Source Files</Filter>
    </ClCompile>
    <ClCompile Include="..\src\ruler.cpp">
      <Filter>Source Files</Filter>
    </ClCompile>
    <ClCompile Include="..\src\song.cpp">
      <Filter>Source Files</Filter>
    </ClCompile>
    <ClCompile Include="..\src\themes.cpp">
      <Filter>Source Files</Filter>
    </ClCompile>
    <ClCompile Include="..\src\utils.cpp">
      <Filter>Source Files</Filter>
    </ClCompile>
    <ClCompile Include="..\src\widgets.cpp">
      <Filter>Source Files</Filter>
    </ClCompile>
  </ItemGroup>
  <ItemGroup>
    <ClInclude Include="..\src\command.h">
      <Filter>Header Files</Filter>
    </ClInclude>
    <ClInclude Include="..\src\config.h">
      <Filter>Header Files</Filter>
    </ClInclude>
    <ClInclude Include="..\src\directory-chooser.h">
      <Filter>Header Files</Filter>
    </ClInclude>
    <ClInclude Include="..\src\edit-context-menu.h">
      <Filter>Header Files</Filter>
    </ClInclude>
    <ClInclude Include="..\src\help-window.h">
      <Filter>Header Files</Filter>
    </ClInclude>
    <ClInclude Include="..\src\hex-spinner.h">
      <Filter>Header Files</Filter>
    </ClInclude>
    <ClInclude Include="..\src\icons.h">
      <Filter>Header Files</Filter>
    </ClInclude>
    <ClInclude Include="..\src\it-module.h">
      <Filter>Header Files</Filter>
    </ClInclude>
    <ClInclude Include="..\src\main-window.h">
      <Filter>Header Files</Filter>
    </ClInclude>
    <ClInclude Include="..\src\modal-dialog.h">
      <Filter>Header Files</Filter>
    </ClInclude>
    <ClInclude Include="..\src\note-properties.h">
      <Filter>Header Files</Filter>
    </ClInclude>
    <ClInclude Include="..\src\option-dialogs.h">
      <Filter>Header Files</Filter>
    </ClInclude>
    <ClInclude Include="..\src\parse-drumkits.h">
      <Filter>Header Files</Filter>
    </ClInclude>
    <ClInclude Include="..\src\parse-song.h">
      <Filter>Header Files</Filter>
    </ClInclude>
    <ClInclude Include="..\src\parse-waves.h">
      <Filter>Header Files</Filter>
    </ClInclude>
    <ClInclude Include="..\src\piano-roll.h">
      <Filter>Header Files</Filter>
    </ClInclude>
    <ClInclude Include="..\src\preferences.h">
      <Filter>Header Files</Filter>
    </ClInclude>
    <ClInclude Include="..\src\resource.h">
      <Filter>Header Files</Filter>
    </ClInclude>
    <ClInclude Include="..\src\ruler.h">
      <Filter>Header Files</Filter>
    </ClInclude>
    <ClInclude Include="..\src\song.h">
      <Filter>Header Files</Filter>
    </ClInclude>
    <ClInclude Include="..\src\themes.h">
      <Filter>Header Files</Filter>
    </ClInclude>
    <ClInclude Include="..\src\utils.h">
      <Filter>Header Files</Filter>
    </ClInclude>
    <ClInclude Include="..\src\version.h">
      <Filter>Header Files</Filter>
    </ClInclude>
    <ClInclude Include="..\src\widgets.h">
      <Filter>Header Files</Filter>
    </ClInclude>
  </ItemGroup>
  <ItemGroup>
    <ResourceCompile Include="crystal-tracker.rc">
      <Filter>Resource Files</Filter>
    </ResourceCompile>
  </ItemGroup>
  <ItemGroup>
    <Image Include="..\res\app.ico">
      <Filter>Resource Files</Filter>
    </Image>
  </ItemGroup>
  <ItemGroup>
    <None Include="..\res\app.xpm">
      <Filter>Resource Files</Filter>
    </None>
    <None Include="..\res\app-icon.xpm">
      <Filter>Resource Files</Filter>
    </None>
    <None Include="..\res\blank.xpm">
      <Filter>Resource Files</Filter>
    </None>
    <None Include="..\res\brushed-metal.dat">
      <Filter>Resource Files</Filter>
    </None>
    <None Include="..\res\decrease-spacing.xpm">
      <Filter>Resource Files</Filter>
    </None>
    <None Include="..\res\down.xpm">
      <Filter>Resource Files</Filter>
    </None>
    <None Include="..\res\down-down.xpm">
      <Filter>Resource Files</Filter>
    </None>
    <None Include="..\res\error.xpm">
      <Filter>Resource Files</Filter>
    </None>
    <None Include="..\res\four.xpm">
      <Filter>Resource Files</Filter>
    </None>
    <None Include="..\res\help.html">
      <Filter>Resource Files</Filter>
    </None>
    <None Include="..\res\increase-spacing.xpm">
      <Filter>Resource Files</Filter>
    </None>
    <None Include="..\res\keys.xpm">
      <Filter>Resource Files</Filter>
    </None>
    <None Include="..\res\left.xpm">
      <Filter>Resource Files</Filter>
    </None>
    <None Include="..\res\lengthen.xpm">
      <Filter>Resource Files</Filter>
    </None>
    <None Include="..\res\loop.xpm">
      <Filter>Resource Files</Filter>
    </None>
    <None Include="..\res\new.xpm">
      <Filter>Resource Files</Filter>
    </None>
    <None Include="..\res\notes.xpm">
      <Filter>Resource Files</Filter>
    </None>
    <None Include="..\res\one.xpm">
      <Filter>Resource Files</Filter>
    </None>
    <None Include="..\res\open.xpm">
      <Filter>Resource Files</Filter>
    </None>
    <None Include="..\res\pause.xpm">
      <Filter>Resource Files</Filter>
    </None>
    <None Include="..\res\pencil.xpm">
      <Filter>Resource Files</Filter>
    </None>
    <None Include="..\res\play.xpm">
      <Filter>Resource Files</Filter>
    </None>
    <None Include="..\res\redo.xpm">
      <Filter>Resource Files</Filter>
    </None>
    <None Include="..\res\right.xpm">
      <Filter>Resource Files</Filter>
    </None>
    <None Include="..\res\ruler.xpm">
      <Filter>Resource Files</Filter>
    </None>
    <None Include="..\res\save.xpm">
      <Filter>Resource Files</Filter>
    </None>
    <None Include="..\res\save-as.xpm">
      <Filter>Resource Files</Filter>
    </None>
    <None Include="..\res\scroll-dark.xpm">
      <Filter>Resource Files</Filter>
    </None>
    <None Include="..\res\scroll-light.xpm">
      <Filter>Resource Files</Filter>
    </None>
    <None Include="..\res\shorten.xpm">
      <Filter>Resource Files</Filter>
    </None>
    <None Include="..\res\stop.xpm">
      <Filter>Resource Files</Filter>
    </None>
    <None Include="..\res\success.xpm">
      <Filter>Resource Files</Filter>
    </None>
    <None Include="..\res\three.xpm">
      <Filter>Resource Files</Filter>
    </None>
    <None Include="..\res\two.xpm">
      <Filter>Resource Files</Filter>
    </None>
    <None Include="..\res\undo.xpm">
      <Filter>Resource Files</Filter>
    </None>
    <None Include="..\res\up.xpm">
      <Filter>Resource Files</Filter>
    </None>
    <None Include="..\res\up-up.xpm">
      <Filter>Resource Files</Filter>
    </None>
    <None Include="..\res\verify.xpm">
      <Filter>Resource Files</Filter>
    </None>
    <None Include="..\res\warning.xpm">
      <Filter>Resource Files</Filter>
    </None>
    <None Include="..\res\zoom.xpm">
      <Filter>Resource Files</Filter>
    </None>
  </ItemGroup>
</Project>