
Microsoft Visual Studio Solution File, Format Version 12.00
# Visual Studio Version 17
VisualStudioVersion = 17.2.32516.85
MinimumVisualStudioVersion = 10.0.40219.1
Project("{8BC9CEB8-8B4A-11D0-8D11-00A0C91BC942}") = "crystal-tracker", "crystal-tracker.vcxproj", "{077A0078-AFEE-450B-99E4-B84FE36FE368}"
EndProject
Global
	GlobalSection(SolutionConfigurationPlatforms) = preSolution
		Debug|x86 = Debug|x86
		Release|x86 = Release|x86
	EndGlobalSection
	GlobalSection(ProjectConfigurationPlatforms) = postSolution
		{077A0078-AFEE-450B-99E4-B84FE36FE368}.Debug|x86.ActiveCfg = Debug|Win32
		{077A0078-AFEE-450B-99E4-B84FE36FE368}.Debug|x86.Build.0 = Debug|Win32
		{077A0078-AFEE-450B-99E4-B84FE36FE368}.Release|x86.ActiveCfg = Release|Win32
		{077A0078-AFEE-450B-99E4-B84FE36FE368}.Release|x86.Build.0 = Release|Win32
	EndGlobalSection
	GlobalSection(SolutionProperties) = preSolution
		HideSolutionNode = FALSE
	EndGlobalSection
	GlobalSection(ExtensibilityGlobals) = postSolution
		SolutionGuid = {F76E9749-FB82-4B37-9397-C2A06DF3A458}
	EndGlobalSection
EndGlobal
